
Microsoft Visual Studio Solution File, Format Version 12.00
# Visual Studio Version 17
VisualStudioVersion = 17.4.33110.190
MinimumVisualStudioVersion = 10.0.40219.1
Project("{FAE04EC0-301F-11D3-BF4B-00C04F79EFBC}") = "Zad3_04.06.23", "Zad3_04.06.23\Zad3_04.06.23.csproj", "{ECF35401-9014-426D-B76E-04A77D8A11D6}"
EndProject
Global
	GlobalSection(SolutionConfigurationPlatforms) = preSolution
		Debug|Any CPU = Debug|Any CPU
		Release|Any CPU = Release|Any CPU
	EndGlobalSection
	GlobalSection(ProjectConfigurationPlatforms) = postSolution
		{ECF35401-9014-426D-B76E-04A77D8A11D6}.Debug|Any CPU.ActiveCfg = Debug|Any CPU
		{ECF35401-9014-426D-B76E-04A77D8A11D6}.Debug|Any CPU.Build.0 = Debug|Any CPU
		{ECF35401-9014-426D-B76E-04A77D8A11D6}.Release|Any CPU.ActiveCfg = Release|Any CPU
		{ECF35401-9014-426D-B76E-04A77D8A11D6}.Release|Any CPU.Build.0 = Release|Any CPU
	EndGlobalSection
	GlobalSection(SolutionProperties) = preSolution
		HideSolutionNode = FALSE
	EndGlobalSection
	GlobalSection(ExtensibilityGlobals) = postSolution
		SolutionGuid = {2928097E-6E7A-40B7-BDA0-35CE8CA31186}
	EndGlobalSection
EndGlobal
